# This file was autogenerated by Stack.
# You should not edit this file by hand.
# For more information, please see the documentation at:
#   https://docs.haskellstack.org/en/stable/lock_files

packages:
- completed:
    hackage: higgledy-0.3.1.0@sha256:fa3e3cb4e92e76b0fa6ce7212e12f8e479ceb1b276a6e8edf152b8c5b6834888,2031
    pantry-tree:
      size: 780
      sha256: be1e99777f5d16f39fb584131ad8a49888d681eb3cc308bf6877d9f123dcbbe0
  original:
    hackage: higgledy-0.3.1.0@sha256:fa3e3cb4e92e76b0fa6ce7212e12f8e479ceb1b276a6e8edf152b8c5b6834888,2031
- completed:
    subdir: opentracing
    cabal-file:
      size: 1799
      sha256: 459cbb176e1b16c01f2ea7be0c6b8d9a342ad0c656a86595bb5c6e91cc176c06
    name: opentracing
    version: 0.1.0.0
    git: https://github.com/benweitzman/opentracing.git
    pantry-tree:
      size: 1151
      sha256: fb314593463bd496707a6fc9b49692dfaf43288c0021ff0d6e9b86b1ee416db3
    commit: 795434c9b38ca4fd4d6c6c2849387b87be584258
  original:
    subdir: opentracing
    git: https://github.com/benweitzman/opentracing.git
    commit: 795434c9b38ca4fd4d6c6c2849387b87be584258
snapshots:
- completed:
    size: 524163
    url: https://raw.githubusercontent.com/commercialhaskell/stackage-snapshots/master/lts/14/25.yaml
    sha256: 97548b4e927a8a862d4a203687ca18a3f5d2ae75b4b72c946fb29c17df1a5082
  original: lts-14.25
